// !$*UTF8*$!
{
	archiveVersion = 1;
	classes = {
	};
	objectVersion = 48;
	objects = {

/* Begin PBXBuildFile section */
		D91DD5EE2073B9F30074B9CA /* TabBarController.swift in Sources */ = {isa = PBXBuildFile; fileRef = D91DD5ED2073B9F30074B9CA /* TabBarController.swift */; };
		D91DD5F02073BD180074B9CA /* WelcomeViewData.swift in Sources */ = {isa = PBXBuildFile; fileRef = D91DD5EF2073BD180074B9CA /* WelcomeViewData.swift */; };
		D91DD5F22073CDD80074B9CA /* SessionInfo.swift in Sources */ = {isa = PBXBuildFile; fileRef = D91DD5F12073CDD80074B9CA /* SessionInfo.swift */; };
		D91DD600207424A00074B9CA /* RotationQueue.swift in Sources */ = {isa = PBXBuildFile; fileRef = D91DD5FF207424A00074B9CA /* RotationQueue.swift */; };
		D936D20A20725B6600B6537E /* TutorialScene.swift in Sources */ = {isa = PBXBuildFile; fileRef = D936D20920725B6600B6537E /* TutorialScene.swift */; };
		D936D20C20728F4A00B6537E /* TutorialViewController.swift in Sources */ = {isa = PBXBuildFile; fileRef = D936D20B20728F4A00B6537E /* TutorialViewController.swift */; };
		D936D20E2072979200B6537E /* BaseGameViewController.swift in Sources */ = {isa = PBXBuildFile; fileRef = D936D20D2072979200B6537E /* BaseGameViewController.swift */; };
		D936D21020729F8700B6537E /* BaseGameScene.swift in Sources */ = {isa = PBXBuildFile; fileRef = D936D20F20729F8700B6537E /* BaseGameScene.swift */; };
		D936D2122072A77500B6537E /* TutorialHud.swift in Sources */ = {isa = PBXBuildFile; fileRef = D936D2112072A77500B6537E /* TutorialHud.swift */; };
		D936D2172073031700B6537E /* RotationDemoDelegate.swift in Sources */ = {isa = PBXBuildFile; fileRef = D936D2162073031700B6537E /* RotationDemoDelegate.swift */; };
		D936D2192073138500B6537E /* WallRequestDelegate.swift in Sources */ = {isa = PBXBuildFile; fileRef = D936D2182073138500B6537E /* WallRequestDelegate.swift */; };
		D99DEFFC20757AC100C7C9DC /* BaseHud.swift in Sources */ = {isa = PBXBuildFile; fileRef = D99DEFFB20757AC100C7C9DC /* BaseHud.swift */; };
		D99DEFFE207596FA00C7C9DC /* InvertibleHud.swift in Sources */ = {isa = PBXBuildFile; fileRef = D99DEFFD207596FA00C7C9DC /* InvertibleHud.swift */; };
		D9D427EC2070035400C2A22E /* AppDelegate.swift in Sources */ = {isa = PBXBuildFile; fileRef = D9D427EB2070035400C2A22E /* AppDelegate.swift */; };
		D9D427EE2070035400C2A22E /* art.scnassets in Resources */ = {isa = PBXBuildFile; fileRef = D9D427ED2070035400C2A22E /* art.scnassets */; };
		D9D427F02070035400C2A22E /* WelcomeViewController.swift in Sources */ = {isa = PBXBuildFile; fileRef = D9D427EF2070035400C2A22E /* WelcomeViewController.swift */; };
		D9D427F32070035400C2A22E /* Main.storyboard in Resources */ = {isa = PBXBuildFile; fileRef = D9D427F12070035400C2A22E /* Main.storyboard */; };
		D9D427F52070035400C2A22E /* Assets.xcassets in Resources */ = {isa = PBXBuildFile; fileRef = D9D427F42070035400C2A22E /* Assets.xcassets */; };
		D9D427F82070035400C2A22E /* LaunchScreen.storyboard in Resources */ = {isa = PBXBuildFile; fileRef = D9D427F62070035400C2A22E /* LaunchScreen.storyboard */; };
		D9D428032070035500C2A22E /* WintonTests.swift in Sources */ = {isa = PBXBuildFile; fileRef = D9D428022070035500C2A22E /* WintonTests.swift */; };
		D9D4280E2070035500C2A22E /* WintonUITests.swift in Sources */ = {isa = PBXBuildFile; fileRef = D9D4280D2070035500C2A22E /* WintonUITests.swift */; };
		D9D4281C207003A100C2A22E /* GameViewController.swift in Sources */ = {isa = PBXBuildFile; fileRef = D9D4281B207003A100C2A22E /* GameViewController.swift */; };
		D9D4281F2070053700C2A22E /* BaseViewController.swift in Sources */ = {isa = PBXBuildFile; fileRef = D9D4281E2070053700C2A22E /* BaseViewController.swift */; };
		D9D428222070055800C2A22E /* WallController.swift in Sources */ = {isa = PBXBuildFile; fileRef = D9D428212070055800C2A22E /* WallController.swift */; };
		D9D428242070056300C2A22E /* RotationController.swift in Sources */ = {isa = PBXBuildFile; fileRef = D9D428232070056300C2A22E /* RotationController.swift */; };
		D9D428262070056F00C2A22E /* SpeedController.swift in Sources */ = {isa = PBXBuildFile; fileRef = D9D428252070056F00C2A22E /* SpeedController.swift */; };
		D9D428282070059200C2A22E /* InversionController.swift in Sources */ = {isa = PBXBuildFile; fileRef = D9D428272070059200C2A22E /* InversionController.swift */; };
		D9D4282B2070060700C2A22E /* GameScene.swift in Sources */ = {isa = PBXBuildFile; fileRef = D9D4282A2070060700C2A22E /* GameScene.swift */; };
		D9D4282D2070061400C2A22E /* WelcomeHud.swift in Sources */ = {isa = PBXBuildFile; fileRef = D9D4282C2070061400C2A22E /* WelcomeHud.swift */; };
		D9D428302070066800C2A22E /* Constants.swift in Sources */ = {isa = PBXBuildFile; fileRef = D9D4282F2070066800C2A22E /* Constants.swift */; };
		D9D42833207006A400C2A22E /* GameHud.swift in Sources */ = {isa = PBXBuildFile; fileRef = D9D42832207006A400C2A22E /* GameHud.swift */; };
		D9D42835207006AE00C2A22E /* PracticeHud.swift in Sources */ = {isa = PBXBuildFile; fileRef = D9D42834207006AE00C2A22E /* PracticeHud.swift */; };
		D9D42838207006EE00C2A22E /* Player.swift in Sources */ = {isa = PBXBuildFile; fileRef = D9D42837207006EE00C2A22E /* Player.swift */; };
		D9D4283A207006F800C2A22E /* RotationWheel.swift in Sources */ = {isa = PBXBuildFile; fileRef = D9D42839207006F800C2A22E /* RotationWheel.swift */; };
		D9D4283C2070070700C2A22E /* StandardLabelNode.swift in Sources */ = {isa = PBXBuildFile; fileRef = D9D4283B2070070700C2A22E /* StandardLabelNode.swift */; };
		D9D42844207007A900C2A22E /* PopColour.scnp in Resources */ = {isa = PBXBuildFile; fileRef = D9D42841207007A900C2A22E /* PopColour.scnp */; };
		D9D42845207007A900C2A22E /* confetti.png in Resources */ = {isa = PBXBuildFile; fileRef = D9D42842207007A900C2A22E /* confetti.png */; };
		D9D42846207007A900C2A22E /* PopNormal.scnp in Resources */ = {isa = PBXBuildFile; fileRef = D9D42843207007A900C2A22E /* PopNormal.scnp */; };
		D9D42849207007C200C2A22E /* Success.wav in Resources */ = {isa = PBXBuildFile; fileRef = D9D42847207007C100C2A22E /* Success.wav */; };
		D9D4284A207007C200C2A22E /* Pop.wav in Resources */ = {isa = PBXBuildFile; fileRef = D9D42848207007C200C2A22E /* Pop.wav */; };
/* End PBXBuildFile section */

/* Begin PBXContainerItemProxy section */
		D9D427FF2070035500C2A22E /* PBXContainerItemProxy */ = {
			isa = PBXContainerItemProxy;
			containerPortal = D9D427E02070035400C2A22E /* Project object */;
			proxyType = 1;
			remoteGlobalIDString = D9D427E72070035400C2A22E;
			remoteInfo = Winton;
		};
		D9D4280A2070035500C2A22E /* PBXContainerItemProxy */ = {
			isa = PBXContainerItemProxy;
			containerPortal = D9D427E02070035400C2A22E /* Project object */;
			proxyType = 1;
			remoteGlobalIDString = D9D427E72070035400C2A22E;
			remoteInfo = Winton;
		};
/* End PBXContainerItemProxy section */

/* Begin PBXFileReference section */
		D91DD5ED2073B9F30074B9CA /* TabBarController.swift */ = {isa = PBXFileReference; lastKnownFileType = sourcecode.swift; path = TabBarController.swift; sourceTree = "<group>"; };
		D91DD5EF2073BD180074B9CA /* WelcomeViewData.swift */ = {isa = PBXFileReference; lastKnownFileType = sourcecode.swift; path = WelcomeViewData.swift; sourceTree = "<group>"; };
		D91DD5F12073CDD80074B9CA /* SessionInfo.swift */ = {isa = PBXFileReference; lastKnownFileType = sourcecode.swift; path = SessionInfo.swift; sourceTree = "<group>"; };
		D91DD5FF207424A00074B9CA /* RotationQueue.swift */ = {isa = PBXFileReference; lastKnownFileType = sourcecode.swift; path = RotationQueue.swift; sourceTree = "<group>"; };
		D936D20920725B6600B6537E /* TutorialScene.swift */ = {isa = PBXFileReference; lastKnownFileType = sourcecode.swift; path = TutorialScene.swift; sourceTree = "<group>"; };
		D936D20B20728F4A00B6537E /* TutorialViewController.swift */ = {isa = PBXFileReference; lastKnownFileType = sourcecode.swift; path = TutorialViewController.swift; sourceTree = "<group>"; };
		D936D20D2072979200B6537E /* BaseGameViewController.swift */ = {isa = PBXFileReference; lastKnownFileType = sourcecode.swift; path = BaseGameViewController.swift; sourceTree = "<group>"; };
		D936D20F20729F8700B6537E /* BaseGameScene.swift */ = {isa = PBXFileReference; lastKnownFileType = sourcecode.swift; path = BaseGameScene.swift; sourceTree = "<group>"; };
		D936D2112072A77500B6537E /* TutorialHud.swift */ = {isa = PBXFileReference; lastKnownFileType = sourcecode.swift; path = TutorialHud.swift; sourceTree = "<group>"; };
		D936D2162073031700B6537E /* RotationDemoDelegate.swift */ = {isa = PBXFileReference; lastKnownFileType = sourcecode.swift; path = RotationDemoDelegate.swift; sourceTree = "<group>"; };
		D936D2182073138500B6537E /* WallRequestDelegate.swift */ = {isa = PBXFileReference; lastKnownFileType = sourcecode.swift; path = WallRequestDelegate.swift; sourceTree = "<group>"; };
		D99DEFFB20757AC100C7C9DC /* BaseHud.swift */ = {isa = PBXFileReference; lastKnownFileType = sourcecode.swift; path = BaseHud.swift; sourceTree = "<group>"; };
		D99DEFFD207596FA00C7C9DC /* InvertibleHud.swift */ = {isa = PBXFileReference; lastKnownFileType = sourcecode.swift; path = InvertibleHud.swift; sourceTree = "<group>"; };
		D9D427E82070035400C2A22E /* Winton.app */ = {isa = PBXFileReference; explicitFileType = wrapper.application; includeInIndex = 0; path = Winton.app; sourceTree = BUILT_PRODUCTS_DIR; };
		D9D427EB2070035400C2A22E /* AppDelegate.swift */ = {isa = PBXFileReference; lastKnownFileType = sourcecode.swift; path = AppDelegate.swift; sourceTree = "<group>"; };
		D9D427ED2070035400C2A22E /* art.scnassets */ = {isa = PBXFileReference; lastKnownFileType = wrapper.scnassets; path = art.scnassets; sourceTree = "<group>"; };
		D9D427EF2070035400C2A22E /* WelcomeViewController.swift */ = {isa = PBXFileReference; lastKnownFileType = sourcecode.swift; path = WelcomeViewController.swift; sourceTree = "<group>"; };
		D9D427F22070035400C2A22E /* Base */ = {isa = PBXFileReference; lastKnownFileType = file.storyboard; name = Base; path = Base.lproj/Main.storyboard; sourceTree = "<group>"; };
		D9D427F42070035400C2A22E /* Assets.xcassets */ = {isa = PBXFileReference; lastKnownFileType = folder.assetcatalog; path = Assets.xcassets; sourceTree = "<group>"; };
		D9D427F72070035400C2A22E /* Base */ = {isa = PBXFileReference; lastKnownFileType = file.storyboard; name = Base; path = Base.lproj/LaunchScreen.storyboard; sourceTree = "<group>"; };
		D9D427F92070035400C2A22E /* Info.plist */ = {isa = PBXFileReference; lastKnownFileType = text.plist.xml; path = Info.plist; sourceTree = "<group>"; };
		D9D427FE2070035500C2A22E /* WintonTests.xctest */ = {isa = PBXFileReference; explicitFileType = wrapper.cfbundle; includeInIndex = 0; path = WintonTests.xctest; sourceTree = BUILT_PRODUCTS_DIR; };
		D9D428022070035500C2A22E /* WintonTests.swift */ = {isa = PBXFileReference; lastKnownFileType = sourcecode.swift; path = WintonTests.swift; sourceTree = "<group>"; };
		D9D428042070035500C2A22E /* Info.plist */ = {isa = PBXFileReference; lastKnownFileType = text.plist.xml; path = Info.plist; sourceTree = "<group>"; };
		D9D428092070035500C2A22E /* WintonUITests.xctest */ = {isa = PBXFileReference; explicitFileType = wrapper.cfbundle; includeInIndex = 0; path = WintonUITests.xctest; sourceTree = BUILT_PRODUCTS_DIR; };
		D9D4280D2070035500C2A22E /* WintonUITests.swift */ = {isa = PBXFileReference; lastKnownFileType = sourcecode.swift; path = WintonUITests.swift; sourceTree = "<group>"; };
		D9D4280F2070035500C2A22E /* Info.plist */ = {isa = PBXFileReference; lastKnownFileType = text.plist.xml; path = Info.plist; sourceTree = "<group>"; };
		D9D4281B207003A100C2A22E /* GameViewController.swift */ = {isa = PBXFileReference; lastKnownFileType = sourcecode.swift; path = GameViewController.swift; sourceTree = "<group>"; };
		D9D4281E2070053700C2A22E /* BaseViewController.swift */ = {isa = PBXFileReference; lastKnownFileType = sourcecode.swift; path = BaseViewController.swift; sourceTree = "<group>"; };
		D9D428212070055800C2A22E /* WallController.swift */ = {isa = PBXFileReference; lastKnownFileType = sourcecode.swift; path = WallController.swift; sourceTree = "<group>"; };
		D9D428232070056300C2A22E /* RotationController.swift */ = {isa = PBXFileReference; lastKnownFileType = sourcecode.swift; path = RotationController.swift; sourceTree = "<group>"; };
		D9D428252070056F00C2A22E /* SpeedController.swift */ = {isa = PBXFileReference; lastKnownFileType = sourcecode.swift; path = SpeedController.swift; sourceTree = "<group>"; };
		D9D428272070059200C2A22E /* InversionController.swift */ = {isa = PBXFileReference; lastKnownFileType = sourcecode.swift; path = InversionController.swift; sourceTree = "<group>"; };
		D9D4282A2070060700C2A22E /* GameScene.swift */ = {isa = PBXFileReference; lastKnownFileType = sourcecode.swift; path = GameScene.swift; sourceTree = "<group>"; };
		D9D4282C2070061400C2A22E /* WelcomeHud.swift */ = {isa = PBXFileReference; lastKnownFileType = sourcecode.swift; path = WelcomeHud.swift; sourceTree = "<group>"; };
		D9D4282F2070066800C2A22E /* Constants.swift */ = {isa = PBXFileReference; lastKnownFileType = sourcecode.swift; path = Constants.swift; sourceTree = "<group>"; };
		D9D42832207006A400C2A22E /* GameHud.swift */ = {isa = PBXFileReference; lastKnownFileType = sourcecode.swift; path = GameHud.swift; sourceTree = "<group>"; };
		D9D42834207006AE00C2A22E /* PracticeHud.swift */ = {isa = PBXFileReference; lastKnownFileType = sourcecode.swift; path = PracticeHud.swift; sourceTree = "<group>"; };
		D9D42837207006EE00C2A22E /* Player.swift */ = {isa = PBXFileReference; lastKnownFileType = sourcecode.swift; path = Player.swift; sourceTree = "<group>"; };
		D9D42839207006F800C2A22E /* RotationWheel.swift */ = {isa = PBXFileReference; lastKnownFileType = sourcecode.swift; path = RotationWheel.swift; sourceTree = "<group>"; };
		D9D4283B2070070700C2A22E /* StandardLabelNode.swift */ = {isa = PBXFileReference; lastKnownFileType = sourcecode.swift; path = StandardLabelNode.swift; sourceTree = "<group>"; };
		D9D42841207007A900C2A22E /* PopColour.scnp */ = {isa = PBXFileReference; lastKnownFileType = file.scp; path = PopColour.scnp; sourceTree = "<group>"; };
		D9D42842207007A900C2A22E /* confetti.png */ = {isa = PBXFileReference; lastKnownFileType = image.png; path = confetti.png; sourceTree = "<group>"; };
		D9D42843207007A900C2A22E /* PopNormal.scnp */ = {isa = PBXFileReference; lastKnownFileType = file.scp; path = PopNormal.scnp; sourceTree = "<group>"; };
		D9D42847207007C100C2A22E /* Success.wav */ = {isa = PBXFileReference; lastKnownFileType = audio.wav; path = Success.wav; sourceTree = "<group>"; };
		D9D42848207007C200C2A22E /* Pop.wav */ = {isa = PBXFileReference; lastKnownFileType = audio.wav; path = Pop.wav; sourceTree = "<group>"; };
/* End PBXFileReference section */

/* Begin PBXFrameworksBuildPhase section */
		D9D427E52070035400C2A22E /* Frameworks */ = {
			isa = PBXFrameworksBuildPhase;
			buildActionMask = 2147483647;
			files = (
			);
			runOnlyForDeploymentPostprocessing = 0;
		};
		D9D427FB2070035500C2A22E /* Frameworks */ = {
			isa = PBXFrameworksBuildPhase;
			buildActionMask = 2147483647;
			files = (
			);
			runOnlyForDeploymentPostprocessing = 0;
		};
		D9D428062070035500C2A22E /* Frameworks */ = {
			isa = PBXFrameworksBuildPhase;
			buildActionMask = 2147483647;
			files = (
			);
			runOnlyForDeploymentPostprocessing = 0;
		};
/* End PBXFrameworksBuildPhase section */

/* Begin PBXGroup section */
		D91DD5F3207413280074B9CA /* Game Object Models */ = {
			isa = PBXGroup;
			children = (
				D9D42837207006EE00C2A22E /* Player.swift */,
				D9D42839207006F800C2A22E /* RotationWheel.swift */,
				D9D4283B2070070700C2A22E /* StandardLabelNode.swift */,
			);
			path = "Game Object Models";
			sourceTree = "<group>";
		};
		D91DD5F4207413300074B9CA /* Data Models */ = {
			isa = PBXGroup;
			children = (
				D91DD5EF2073BD180074B9CA /* WelcomeViewData.swift */,
				D91DD5F12073CDD80074B9CA /* SessionInfo.swift */,
			);
			path = "Data Models";
			sourceTree = "<group>";
		};
		D91DD5FC207420FE0074B9CA /* Data Structures */ = {
			isa = PBXGroup;
			children = (
				D91DD5FF207424A00074B9CA /* RotationQueue.swift */,
			);
			path = "Data Structures";
			sourceTree = "<group>";
		};
		D936D215207302F900B6537E /* Delegates */ = {
			isa = PBXGroup;
			children = (
				D936D2162073031700B6537E /* RotationDemoDelegate.swift */,
				D936D2182073138500B6537E /* WallRequestDelegate.swift */,
			);
			path = Delegates;
			sourceTree = "<group>";
		};
		D9D427DF2070035400C2A22E = {
			isa = PBXGroup;
			children = (
				D9D427EA2070035400C2A22E /* Winton */,
				D9D428012070035500C2A22E /* WintonTests */,
				D9D4280C2070035500C2A22E /* WintonUITests */,
				D9D427E92070035400C2A22E /* Products */,
			);
			sourceTree = "<group>";
		};
		D9D427E92070035400C2A22E /* Products */ = {
			isa = PBXGroup;
			children = (
				D9D427E82070035400C2A22E /* Winton.app */,
				D9D427FE2070035500C2A22E /* WintonTests.xctest */,
				D9D428092070035500C2A22E /* WintonUITests.xctest */,
			);
			name = Products;
			sourceTree = "<group>";
		};
		D9D427EA2070035400C2A22E /* Winton */ = {
			isa = PBXGroup;
			children = (
				D9D428402070076600C2A22E /* Audio */,
				D91DD5FC207420FE0074B9CA /* Data Structures */,
				D936D215207302F900B6537E /* Delegates */,
				D9D4283F2070075900C2A22E /* ParticleSystems */,
				D9D42836207006E500C2A22E /* Models */,
				D9D428312070069900C2A22E /* Huds */,
				D9D4282E2070065D00C2A22E /* Constants */,
				D9D42829207005F200C2A22E /* Scenes */,
				D9D428202070054900C2A22E /* Controllers */,
				D9D4281D207004D400C2A22E /* ViewControllers */,
				D9D427EB2070035400C2A22E /* AppDelegate.swift */,
				D9D427ED2070035400C2A22E /* art.scnassets */,
				D9D427F12070035400C2A22E /* Main.storyboard */,
				D9D427F42070035400C2A22E /* Assets.xcassets */,
				D9D427F62070035400C2A22E /* LaunchScreen.storyboard */,
				D9D427F92070035400C2A22E /* Info.plist */,
			);
			path = Winton;
			sourceTree = "<group>";
		};
		D9D428012070035500C2A22E /* WintonTests */ = {
			isa = PBXGroup;
			children = (
				D9D428022070035500C2A22E /* WintonTests.swift */,
				D9D428042070035500C2A22E /* Info.plist */,
			);
			path = WintonTests;
			sourceTree = "<group>";
		};
		D9D4280C2070035500C2A22E /* WintonUITests */ = {
			isa = PBXGroup;
			children = (
				D9D4280D2070035500C2A22E /* WintonUITests.swift */,
				D9D4280F2070035500C2A22E /* Info.plist */,
			);
			path = WintonUITests;
			sourceTree = "<group>";
		};
		D9D4281D207004D400C2A22E /* ViewControllers */ = {
			isa = PBXGroup;
			children = (
				D9D427EF2070035400C2A22E /* WelcomeViewController.swift */,
				D9D4281B207003A100C2A22E /* GameViewController.swift */,
				D9D4281E2070053700C2A22E /* BaseViewController.swift */,
				D936D20B20728F4A00B6537E /* TutorialViewController.swift */,
				D936D20D2072979200B6537E /* BaseGameViewController.swift */,
				D91DD5ED2073B9F30074B9CA /* TabBarController.swift */,
			);
			path = ViewControllers;
			sourceTree = "<group>";
		};
		D9D428202070054900C2A22E /* Controllers */ = {
			isa = PBXGroup;
			children = (
				D9D428212070055800C2A22E /* WallController.swift */,
				D9D428232070056300C2A22E /* RotationController.swift */,
				D9D428252070056F00C2A22E /* SpeedController.swift */,
				D9D428272070059200C2A22E /* InversionController.swift */,
			);
			path = Controllers;
			sourceTree = "<group>";
		};
		D9D42829207005F200C2A22E /* Scenes */ = {
			isa = PBXGroup;
			children = (
				D9D4282A2070060700C2A22E /* GameScene.swift */,
				D936D20920725B6600B6537E /* TutorialScene.swift */,
				D936D20F20729F8700B6537E /* BaseGameScene.swift */,
			);
			path = Scenes;
			sourceTree = "<group>";
		};
		D9D4282E2070065D00C2A22E /* Constants */ = {
			isa = PBXGroup;
			children = (
				D9D4282F2070066800C2A22E /* Constants.swift */,
			);
			path = Constants;
			sourceTree = "<group>";
		};
		D9D428312070069900C2A22E /* Huds */ = {
			isa = PBXGroup;
			children = (
				D9D42832207006A400C2A22E /* GameHud.swift */,
				D9D42834207006AE00C2A22E /* PracticeHud.swift */,
				D936D2112072A77500B6537E /* TutorialHud.swift */,
				D9D4282C2070061400C2A22E /* WelcomeHud.swift */,
				D99DEFFB20757AC100C7C9DC /* BaseHud.swift */,
				D99DEFFD207596FA00C7C9DC /* InvertibleHud.swift */,
			);
			path = Huds;
			sourceTree = "<group>";
		};
		D9D42836207006E500C2A22E /* Models */ = {
			isa = PBXGroup;
			children = (
				D91DD5F4207413300074B9CA /* Data Models */,
				D91DD5F3207413280074B9CA /* Game Object Models */,
			);
			path = Models;
			sourceTree = "<group>";
		};
		D9D4283F2070075900C2A22E /* ParticleSystems */ = {
			isa = PBXGroup;
			children = (
				D9D42842207007A900C2A22E /* confetti.png */,
				D9D42841207007A900C2A22E /* PopColour.scnp */,
				D9D42843207007A900C2A22E /* PopNormal.scnp */,
			);
			path = ParticleSystems;
			sourceTree = "<group>";
		};
		D9D428402070076600C2A22E /* Audio */ = {
			isa = PBXGroup;
			children = (
				D9D42848207007C200C2A22E /* Pop.wav */,
				D9D42847207007C100C2A22E /* Success.wav */,
			);
			path = Audio;
			sourceTree = "<group>";
		};
/* End PBXGroup section */

/* Begin PBXNativeTarget section */
		D9D427E72070035400C2A22E /* Winton */ = {
			isa = PBXNativeTarget;
			buildConfigurationList = D9D428122070035500C2A22E /* Build configuration list for PBXNativeTarget "Winton" */;
			buildPhases = (
				D9D427E42070035400C2A22E /* Sources */,
				D9D427E52070035400C2A22E /* Frameworks */,
				D9D427E62070035400C2A22E /* Resources */,
			);
			buildRules = (
			);
			dependencies = (
			);
			name = Winton;
			productName = Winton;
			productReference = D9D427E82070035400C2A22E /* Winton.app */;
			productType = "com.apple.product-type.application";
		};
		D9D427FD2070035500C2A22E /* WintonTests */ = {
			isa = PBXNativeTarget;
			buildConfigurationList = D9D428152070035500C2A22E /* Build configuration list for PBXNativeTarget "WintonTests" */;
			buildPhases = (
				D9D427FA2070035500C2A22E /* Sources */,
				D9D427FB2070035500C2A22E /* Frameworks */,
				D9D427FC2070035500C2A22E /* Resources */,
			);
			buildRules = (
			);
			dependencies = (
				D9D428002070035500C2A22E /* PBXTargetDependency */,
			);
			name = WintonTests;
			productName = WintonTests;
			productReference = D9D427FE2070035500C2A22E /* WintonTests.xctest */;
			productType = "com.apple.product-type.bundle.unit-test";
		};
		D9D428082070035500C2A22E /* WintonUITests */ = {
			isa = PBXNativeTarget;
			buildConfigurationList = D9D428182070035500C2A22E /* Build configuration list for PBXNativeTarget "WintonUITests" */;
			buildPhases = (
				D9D428052070035500C2A22E /* Sources */,
				D9D428062070035500C2A22E /* Frameworks */,
				D9D428072070035500C2A22E /* Resources */,
			);
			buildRules = (
			);
			dependencies = (
				D9D4280B2070035500C2A22E /* PBXTargetDependency */,
			);
			name = WintonUITests;
			productName = WintonUITests;
			productReference = D9D428092070035500C2A22E /* WintonUITests.xctest */;
			productType = "com.apple.product-type.bundle.ui-testing";
		};
/* End PBXNativeTarget section */

/* Begin PBXProject section */
		D9D427E02070035400C2A22E /* Project object */ = {
			isa = PBXProject;
			attributes = {
				LastSwiftUpdateCheck = 0920;
				LastUpgradeCheck = 0920;
				ORGANIZATIONNAME = "Former Yugoslavic Republic of Asgaard";
				TargetAttributes = {
					D9D427E72070035400C2A22E = {
						CreatedOnToolsVersion = 9.2;
						ProvisioningStyle = Automatic;
					};
					D9D427FD2070035500C2A22E = {
						CreatedOnToolsVersion = 9.2;
						ProvisioningStyle = Automatic;
						TestTargetID = D9D427E72070035400C2A22E;
					};
					D9D428082070035500C2A22E = {
						CreatedOnToolsVersion = 9.2;
						ProvisioningStyle = Automatic;
						TestTargetID = D9D427E72070035400C2A22E;
					};
				};
			};
			buildConfigurationList = D9D427E32070035400C2A22E /* Build configuration list for PBXProject "Winton" */;
			compatibilityVersion = "Xcode 8.0";
			developmentRegion = en;
			hasScannedForEncodings = 0;
			knownRegions = (
				en,
				Base,
			);
			mainGroup = D9D427DF2070035400C2A22E;
			productRefGroup = D9D427E92070035400C2A22E /* Products */;
			projectDirPath = "";
			projectRoot = "";
			targets = (
				D9D427E72070035400C2A22E /* Winton */,
				D9D427FD2070035500C2A22E /* WintonTests */,
				D9D428082070035500C2A22E /* WintonUITests */,
			);
		};
/* End PBXProject section */

/* Begin PBXResourcesBuildPhase section */
		D9D427E62070035400C2A22E /* Resources */ = {
			isa = PBXResourcesBuildPhase;
			buildActionMask = 2147483647;
			files = (
				D9D42849207007C200C2A22E /* Success.wav in Resources */,
				D9D427EE2070035400C2A22E /* art.scnassets in Resources */,
				D9D427F82070035400C2A22E /* LaunchScreen.storyboard in Resources */,
				D9D4284A207007C200C2A22E /* Pop.wav in Resources */,
				D9D42844207007A900C2A22E /* PopColour.scnp in Resources */,
				D9D427F52070035400C2A22E /* Assets.xcassets in Resources */,
				D9D42846207007A900C2A22E /* PopNormal.scnp in Resources */,
				D9D427F32070035400C2A22E /* Main.storyboard in Resources */,
				D9D42845207007A900C2A22E /* confetti.png in Resources */,
			);
			runOnlyForDeploymentPostprocessing = 0;
		};
		D9D427FC2070035500C2A22E /* Resources */ = {
			isa = PBXResourcesBuildPhase;
			buildActionMask = 2147483647;
			files = (
			);
			runOnlyForDeploymentPostprocessing = 0;
		};
		D9D428072070035500C2A22E /* Resources */ = {
			isa = PBXResourcesBuildPhase;
			buildActionMask = 2147483647;
			files = (
			);
			runOnlyForDeploymentPostprocessing = 0;
		};
/* End PBXResourcesBuildPhase section */

/* Begin PBXSourcesBuildPhase section */
		D9D427E42070035400C2A22E /* Sources */ = {
			isa = PBXSourcesBuildPhase;
			buildActionMask = 2147483647;
			files = (
				D91DD5EE2073B9F30074B9CA /* TabBarController.swift in Sources */,
				D9D427F02070035400C2A22E /* WelcomeViewController.swift in Sources */,
				D936D2172073031700B6537E /* RotationDemoDelegate.swift in Sources */,
				D936D2192073138500B6537E /* WallRequestDelegate.swift in Sources */,
				D936D21020729F8700B6537E /* BaseGameScene.swift in Sources */,
				D91DD5F02073BD180074B9CA /* WelcomeViewData.swift in Sources */,
				D91DD5F22073CDD80074B9CA /* SessionInfo.swift in Sources */,
				D99DEFFE207596FA00C7C9DC /* InvertibleHud.swift in Sources */,
				D9D428302070066800C2A22E /* Constants.swift in Sources */,
				D9D428242070056300C2A22E /* RotationController.swift in Sources */,
				D9D4281F2070053700C2A22E /* BaseViewController.swift in Sources */,
				D936D20A20725B6600B6537E /* TutorialScene.swift in Sources */,
				D9D42838207006EE00C2A22E /* Player.swift in Sources */,
				D9D42835207006AE00C2A22E /* PracticeHud.swift in Sources */,
				D9D4283A207006F800C2A22E /* RotationWheel.swift in Sources */,
				D9D4282B2070060700C2A22E /* GameScene.swift in Sources */,
				D9D4281C207003A100C2A22E /* GameViewController.swift in Sources */,
				D936D20C20728F4A00B6537E /* TutorialViewController.swift in Sources */,
				D9D4283C2070070700C2A22E /* StandardLabelNode.swift in Sources */,
				D91DD600207424A00074B9CA /* RotationQueue.swift in Sources */,
				D936D20E2072979200B6537E /* BaseGameViewController.swift in Sources */,
				D99DEFFC20757AC100C7C9DC /* BaseHud.swift in Sources */,
				D9D427EC2070035400C2A22E /* AppDelegate.swift in Sources */,
				D936D2122072A77500B6537E /* TutorialHud.swift in Sources */,
				D9D428282070059200C2A22E /* InversionController.swift in Sources */,
				D9D4282D2070061400C2A22E /* WelcomeHud.swift in Sources */,
				D9D428222070055800C2A22E /* WallController.swift in Sources */,
				D9D428262070056F00C2A22E /* SpeedController.swift in Sources */,
				D9D42833207006A400C2A22E /* GameHud.swift in Sources */,
			);
			runOnlyForDeploymentPostprocessing = 0;
		};
		D9D427FA2070035500C2A22E /* Sources */ = {
			isa = PBXSourcesBuildPhase;
			buildActionMask = 2147483647;
			files = (
				D9D428032070035500C2A22E /* WintonTests.swift in Sources */,
			);
			runOnlyForDeploymentPostprocessing = 0;
		};
		D9D428052070035500C2A22E /* Sources */ = {
			isa = PBXSourcesBuildPhase;
			buildActionMask = 2147483647;
			files = (
				D9D4280E2070035500C2A22E /* WintonUITests.swift in Sources */,
			);
			runOnlyForDeploymentPostprocessing = 0;
		};
/* End PBXSourcesBuildPhase section */

/* Begin PBXTargetDependency section */
		D9D428002070035500C2A22E /* PBXTargetDependency */ = {
			isa = PBXTargetDependency;
			target = D9D427E72070035400C2A22E /* Winton */;
			targetProxy = D9D427FF2070035500C2A22E /* PBXContainerItemProxy */;
		};
		D9D4280B2070035500C2A22E /* PBXTargetDependency */ = {
			isa = PBXTargetDependency;
			target = D9D427E72070035400C2A22E /* Winton */;
			targetProxy = D9D4280A2070035500C2A22E /* PBXContainerItemProxy */;
		};
/* End PBXTargetDependency section */

/* Begin PBXVariantGroup section */
		D9D427F12070035400C2A22E /* Main.storyboard */ = {
			isa = PBXVariantGroup;
			children = (
				D9D427F22070035400C2A22E /* Base */,
			);
			name = Main.storyboard;
			sourceTree = "<group>";
		};
		D9D427F62070035400C2A22E /* LaunchScreen.storyboard */ = {
			isa = PBXVariantGroup;
			children = (
				D9D427F72070035400C2A22E /* Base */,
			);
			name = LaunchScreen.storyboard;
			sourceTree = "<group>";
		};
/* End PBXVariantGroup section */

/* Begin XCBuildConfiguration section */
		D9D428102070035500C2A22E /* Debug */ = {
			isa = XCBuildConfiguration;
			buildSettings = {
				ALWAYS_SEARCH_USER_PATHS = NO;
				CLANG_ANALYZER_NONNULL = YES;
				CLANG_ANALYZER_NUMBER_OBJECT_CONVERSION = YES_AGGRESSIVE;
				CLANG_CXX_LANGUAGE_STANDARD = "gnu++14";
				CLANG_CXX_LIBRARY = "libc++";
				CLANG_ENABLE_MODULES = YES;
				CLANG_ENABLE_OBJC_ARC = YES;
				CLANG_WARN_BLOCK_CAPTURE_AUTORELEASING = YES;
				CLANG_WARN_BOOL_CONVERSION = YES;
				CLANG_WARN_COMMA = YES;
				CLANG_WARN_CONSTANT_CONVERSION = YES;
				CLANG_WARN_DIRECT_OBJC_ISA_USAGE = YES_ERROR;
				CLANG_WARN_DOCUMENTATION_COMMENTS = YES;
				CLANG_WARN_EMPTY_BODY = YES;
				CLANG_WARN_ENUM_CONVERSION = YES;
				CLANG_WARN_INFINITE_RECURSION = YES;
				CLANG_WARN_INT_CONVERSION = YES;
				CLANG_WARN_NON_LITERAL_NULL_CONVERSION = YES;
				CLANG_WARN_OBJC_LITERAL_CONVERSION = YES;
				CLANG_WARN_OBJC_ROOT_CLASS = YES_ERROR;
				CLANG_WARN_RANGE_LOOP_ANALYSIS = YES;
				CLANG_WARN_STRICT_PROTOTYPES = YES;
				CLANG_WARN_SUSPICIOUS_MOVE = YES;
				CLANG_WARN_UNGUARDED_AVAILABILITY = YES_AGGRESSIVE;
				CLANG_WARN_UNREACHABLE_CODE = YES;
				CLANG_WARN__DUPLICATE_METHOD_MATCH = YES;
				CODE_SIGN_IDENTITY = "iPhone Developer";
				COPY_PHASE_STRIP = NO;
				DEBUG_INFORMATION_FORMAT = dwarf;
				ENABLE_STRICT_OBJC_MSGSEND = YES;
				ENABLE_TESTABILITY = YES;
				GCC_C_LANGUAGE_STANDARD = gnu11;
				GCC_DYNAMIC_NO_PIC = NO;
				GCC_NO_COMMON_BLOCKS = YES;
				GCC_OPTIMIZATION_LEVEL = 0;
				GCC_PREPROCESSOR_DEFINITIONS = (
					"DEBUG=1",
					"$(inherited)",
				);
				GCC_WARN_64_TO_32_BIT_CONVERSION = YES;
				GCC_WARN_ABOUT_RETURN_TYPE = YES_ERROR;
				GCC_WARN_UNDECLARED_SELECTOR = YES;
				GCC_WARN_UNINITIALIZED_AUTOS = YES_AGGRESSIVE;
				GCC_WARN_UNUSED_FUNCTION = YES;
				GCC_WARN_UNUSED_VARIABLE = YES;
				IPHONEOS_DEPLOYMENT_TARGET = 11.2;
				MTL_ENABLE_DEBUG_INFO = YES;
				ONLY_ACTIVE_ARCH = YES;
				SDKROOT = iphoneos;
				SWIFT_ACTIVE_COMPILATION_CONDITIONS = DEBUG;
				SWIFT_OPTIMIZATION_LEVEL = "-Onone";
			};
			name = Debug;
		};
		D9D428112070035500C2A22E /* Release */ = {
			isa = XCBuildConfiguration;
			buildSettings = {
				ALWAYS_SEARCH_USER_PATHS = NO;
				CLANG_ANALYZER_NONNULL = YES;
				CLANG_ANALYZER_NUMBER_OBJECT_CONVERSION = YES_AGGRESSIVE;
				CLANG_CXX_LANGUAGE_STANDARD = "gnu++14";
				CLANG_CXX_LIBRARY = "libc++";
				CLANG_ENABLE_MODULES = YES;
				CLANG_ENABLE_OBJC_ARC = YES;
				CLANG_WARN_BLOCK_CAPTURE_AUTORELEASING = YES;
				CLANG_WARN_BOOL_CONVERSION = YES;
				CLANG_WARN_COMMA = YES;
				CLANG_WARN_CONSTANT_CONVERSION = YES;
				CLANG_WARN_DIRECT_OBJC_ISA_USAGE = YES_ERROR;
				CLANG_WARN_DOCUMENTATION_COMMENTS = YES;
				CLANG_WARN_EMPTY_BODY = YES;
				CLANG_WARN_ENUM_CONVERSION = YES;
				CLANG_WARN_INFINITE_RECURSION = YES;
				CLANG_WARN_INT_CONVERSION = YES;
				CLANG_WARN_NON_LITERAL_NULL_CONVERSION = YES;
				CLANG_WARN_OBJC_LITERAL_CONVERSION = YES;
				CLANG_WARN_OBJC_ROOT_CLASS = YES_ERROR;
				CLANG_WARN_RANGE_LOOP_ANALYSIS = YES;
				CLANG_WARN_STRICT_PROTOTYPES = YES;
				CLANG_WARN_SUSPICIOUS_MOVE = YES;
				CLANG_WARN_UNGUARDED_AVAILABILITY = YES_AGGRESSIVE;
				CLANG_WARN_UNREACHABLE_CODE = YES;
				CLANG_WARN__DUPLICATE_METHOD_MATCH = YES;
				CODE_SIGN_IDENTITY = "iPhone Developer";
				COPY_PHASE_STRIP = NO;
				DEBUG_INFORMATION_FORMAT = "dwarf-with-dsym";
				ENABLE_NS_ASSERTIONS = NO;
				ENABLE_STRICT_OBJC_MSGSEND = YES;
				GCC_C_LANGUAGE_STANDARD = gnu11;
				GCC_NO_COMMON_BLOCKS = YES;
				GCC_WARN_64_TO_32_BIT_CONVERSION = YES;
				GCC_WARN_ABOUT_RETURN_TYPE = YES_ERROR;
				GCC_WARN_UNDECLARED_SELECTOR = YES;
				GCC_WARN_UNINITIALIZED_AUTOS = YES_AGGRESSIVE;
				GCC_WARN_UNUSED_FUNCTION = YES;
				GCC_WARN_UNUSED_VARIABLE = YES;
				IPHONEOS_DEPLOYMENT_TARGET = 11.2;
				MTL_ENABLE_DEBUG_INFO = NO;
				SDKROOT = iphoneos;
				SWIFT_OPTIMIZATION_LEVEL = "-Owholemodule";
				VALIDATE_PRODUCT = YES;
			};
			name = Release;
		};
		D9D428132070035500C2A22E /* Debug */ = {
			isa = XCBuildConfiguration;
			buildSettings = {
				ASSETCATALOG_COMPILER_APPICON_NAME = AppIcon;
				CODE_SIGN_STYLE = Automatic;
				DEVELOPMENT_TEAM = GWACTRD2K2;
				INFOPLIST_FILE = Winton/Info.plist;
				IPHONEOS_DEPLOYMENT_TARGET = 11.2;
				LD_RUNPATH_SEARCH_PATHS = "$(inherited) @executable_path/Frameworks";
				PRODUCT_BUNDLE_IDENTIFIER = FYRA.Winton;
				PRODUCT_NAME = "$(TARGET_NAME)";
				SWIFT_VERSION = 4.0;
				TARGETED_DEVICE_FAMILY = "1,2";
			};
			name = Debug;
		};
		D9D428142070035500C2A22E /* Release */ = {
			isa = XCBuildConfiguration;
			buildSettings = {
				ASSETCATALOG_COMPILER_APPICON_NAME = AppIcon;
				CODE_SIGN_STYLE = Automatic;
				DEVELOPMENT_TEAM = GWACTRD2K2;
				INFOPLIST_FILE = Winton/Info.plist;
				IPHONEOS_DEPLOYMENT_TARGET = 11.2;
				LD_RUNPATH_SEARCH_PATHS = "$(inherited) @executable_path/Frameworks";
				PRODUCT_BUNDLE_IDENTIFIER = FYRA.Winton;
				PRODUCT_NAME = "$(TARGET_NAME)";
				SWIFT_VERSION = 4.0;
				TARGETED_DEVICE_FAMILY = "1,2";
			};
			name = Release;
		};
		D9D428162070035500C2A22E /* Debug */ = {
			isa = XCBuildConfiguration;
			buildSettings = {
				ALWAYS_EMBED_SWIFT_STANDARD_LIBRARIES = YES;
				BUNDLE_LOADER = "$(TEST_HOST)";
				CODE_SIGN_STYLE = Automatic;
				INFOPLIST_FILE = WintonTests/Info.plist;
				LD_RUNPATH_SEARCH_PATHS = "$(inherited) @executable_path/Frameworks @loader_path/Frameworks";
				PRODUCT_BUNDLE_IDENTIFIER = FYRA.WintonTests;
				PRODUCT_NAME = "$(TARGET_NAME)";
				SWIFT_VERSION = 4.0;
				TARGETED_DEVICE_FAMILY = "1,2";
				TEST_HOST = "$(BUILT_PRODUCTS_DIR)/Winton.app/Winton";
			};
			name = Debug;
		};
		D9D428172070035500C2A22E /* Release */ = {
			isa = XCBuildConfiguration;
			buildSettings = {
				ALWAYS_EMBED_SWIFT_STANDARD_LIBRARIES = YES;
				BUNDLE_LOADER = "$(TEST_HOST)";
				CODE_SIGN_STYLE = Automatic;
				INFOPLIST_FILE = WintonTests/Info.plist;
				LD_RUNPATH_SEARCH_PATHS = "$(inherited) @executable_path/Frameworks @loader_path/Frameworks";
				PRODUCT_BUNDLE_IDENTIFIER = FYRA.WintonTests;
				PRODUCT_NAME = "$(TARGET_NAME)";
				SWIFT_VERSION = 4.0;
				TARGETED_DEVICE_FAMILY = "1,2";
				TEST_HOST = "$(BUILT_PRODUCTS_DIR)/Winton.app/Winton";
			};
			name = Release;
		};
		D9D428192070035500C2A22E /* Debug */ = {
			isa = XCBuildConfiguration;
			buildSettings = {
				ALWAYS_EMBED_SWIFT_STANDARD_LIBRARIES = YES;
				CODE_SIGN_STYLE = Automatic;
				INFOPLIST_FILE = WintonUITests/Info.plist;
				LD_RUNPATH_SEARCH_PATHS = "$(inherited) @executable_path/Frameworks @loader_path/Frameworks";
				PRODUCT_BUNDLE_IDENTIFIER = FYRA.WintonUITests;
				PRODUCT_NAME = "$(TARGET_NAME)";
				SWIFT_VERSION = 4.0;
				TARGETED_DEVICE_FAMILY = "1,2";
				TEST_TARGET_NAME = Winton;
			};
			name = Debug;
		};
		D9D4281A2070035500C2A22E /* Release */ = {
			isa = XCBuildConfiguration;
			buildSettings = {
				ALWAYS_EMBED_SWIFT_STANDARD_LIBRARIES = YES;
				CODE_SIGN_STYLE = Automatic;
				INFOPLIST_FILE = WintonUITests/Info.plist;
				LD_RUNPATH_SEARCH_PATHS = "$(inherited) @executable_path/Frameworks @loader_path/Frameworks";
				PRODUCT_BUNDLE_IDENTIFIER = FYRA.WintonUITests;
				PRODUCT_NAME = "$(TARGET_NAME)";
				SWIFT_VERSION = 4.0;
				TARGETED_DEVICE_FAMILY = "1,2";
				TEST_TARGET_NAME = Winton;
			};
			name = Release;
		};
/* End XCBuildConfiguration section */

/* Begin XCConfigurationList section */
		D9D427E32070035400C2A22E /* Build configuration list for PBXProject "Winton" */ = {
			isa = XCConfigurationList;
			buildConfigurations = (
				D9D428102070035500C2A22E /* Debug */,
				D9D428112070035500C2A22E /* Release */,
			);
			defaultConfigurationIsVisible = 0;
			defaultConfigurationName = Release;
		};
		D9D428122070035500C2A22E /* Build configuration list for PBXNativeTarget "Winton" */ = {
			isa = XCConfigurationList;
			buildConfigurations = (
				D9D428132070035500C2A22E /* Debug */,
				D9D428142070035500C2A22E /* Release */,
			);
			defaultConfigurationIsVisible = 0;
			defaultConfigurationName = Release;
		};
		D9D428152070035500C2A22E /* Build configuration list for PBXNativeTarget "WintonTests" */ = {
			isa = XCConfigurationList;
			buildConfigurations = (
				D9D428162070035500C2A22E /* Debug */,
				D9D428172070035500C2A22E /* Release */,
			);
			defaultConfigurationIsVisible = 0;
			defaultConfigurationName = Release;
		};
		D9D428182070035500C2A22E /* Build configuration list for PBXNativeTarget "WintonUITests" */ = {
			isa = XCConfigurationList;
			buildConfigurations = (
				D9D428192070035500C2A22E /* Debug */,
				D9D4281A2070035500C2A22E /* Release */,
			);
			defaultConfigurationIsVisible = 0;
			defaultConfigurationName = Release;
		};
/* End XCConfigurationList section */
	};
	rootObject = D9D427E02070035400C2A22E /* Project object */;
}
